// !$*UTF8*$!
{
	archiveVersion = 1;
	classes = {
	};
	objectVersion = 55;
	objects = {

/* Begin PBXBuildFile section */
		16350E98291007840005F2B9 /* LoginViewController.swift in Sources */ = {isa = PBXBuildFile; fileRef = 16350E97291007840005F2B9 /* LoginViewController.swift */; };
		1659D08F2909CB53006843C6 /* AppDelegate.swift in Sources */ = {isa = PBXBuildFile; fileRef = 1659D08E2909CB53006843C6 /* AppDelegate.swift */; };
		1659D0912909CB53006843C6 /* SceneDelegate.swift in Sources */ = {isa = PBXBuildFile; fileRef = 1659D0902909CB53006843C6 /* SceneDelegate.swift */; };
		1664415B290B4339008B2256 /* FeedViewController.swift in Sources */ = {isa = PBXBuildFile; fileRef = 1664415A290B4339008B2256 /* FeedViewController.swift */; };
		1664415D290B4346008B2256 /* ProfileViewController.swift in Sources */ = {isa = PBXBuildFile; fileRef = 1664415C290B4346008B2256 /* ProfileViewController.swift */; };
		1664415F290B489F008B2256 /* PostViewController.swift in Sources */ = {isa = PBXBuildFile; fileRef = 1664415E290B489F008B2256 /* PostViewController.swift */; };
		16644183290BF4AA008B2256 /* InfoViewController.swift in Sources */ = {isa = PBXBuildFile; fileRef = 16644182290BF4AA008B2256 /* InfoViewController.swift */; };
		16BB034529107AA1005C0D4A /* ProfileTableHeaderView.swift in Sources */ = {isa = PBXBuildFile; fileRef = 16BB034429107AA1005C0D4A /* ProfileTableHeaderView.swift */; };
		16BB034729116DFE005C0D4A /* PostTableViewCell.swift in Sources */ = {isa = PBXBuildFile; fileRef = 16BB034629116DFE005C0D4A /* PostTableViewCell.swift */; };
		16BB037F2912E8F4005C0D4A /* PhotosTableViewCell.swift in Sources */ = {isa = PBXBuildFile; fileRef = 16BB037E2912E8F4005C0D4A /* PhotosTableViewCell.swift */; };
		16BB03812912EF2C005C0D4A /* PhotosViewController.swift in Sources */ = {isa = PBXBuildFile; fileRef = 16BB03802912EF2C005C0D4A /* PhotosViewController.swift */; };
		16BB03832912FA8C005C0D4A /* Images.swift in Sources */ = {isa = PBXBuildFile; fileRef = 16BB03822912FA8C005C0D4A /* Images.swift */; };
		16BB038729130B56005C0D4A /* PreviewCollectionViewCell.swift in Sources */ = {isa = PBXBuildFile; fileRef = 16BB038629130B56005C0D4A /* PreviewCollectionViewCell.swift */; };
		16BBA53B2913B33A00E6C570 /* PhotosCollectionViewCell.swift in Sources */ = {isa = PBXBuildFile; fileRef = 16BBA53A2913B33A00E6C570 /* PhotosCollectionViewCell.swift */; };
		16F84F66290C193D005A1A96 /* Post.swift in Sources */ = {isa = PBXBuildFile; fileRef = 16F84F65290C193D005A1A96 /* Post.swift */; };
		16F84F6E290C87C6005A1A96 /* ProfileHeaderView.swift in Sources */ = {isa = PBXBuildFile; fileRef = 16F84F6D290C87C6005A1A96 /* ProfileHeaderView.swift */; };
		16F84F78290D2775005A1A96 /* Assets.xcassets in Resources */ = {isa = PBXBuildFile; fileRef = 16F84F77290D2775005A1A96 /* Assets.xcassets */; };
/* End PBXBuildFile section */

/* Begin PBXFileReference section */
		16350E97291007840005F2B9 /* LoginViewController.swift */ = {isa = PBXFileReference; lastKnownFileType = sourcecode.swift; path = LoginViewController.swift; sourceTree = "<group>"; };
		1659D08B2909CB53006843C6 /* Navigation.app */ = {isa = PBXFileReference; explicitFileType = wrapper.application; includeInIndex = 0; path = Navigation.app; sourceTree = BUILT_PRODUCTS_DIR; };
		1659D08E2909CB53006843C6 /* AppDelegate.swift */ = {isa = PBXFileReference; lastKnownFileType = sourcecode.swift; path = AppDelegate.swift; sourceTree = "<group>"; };
		1659D0902909CB53006843C6 /* SceneDelegate.swift */ = {isa = PBXFileReference; lastKnownFileType = sourcecode.swift; path = SceneDelegate.swift; sourceTree = "<group>"; };
		1659D09C2909CB55006843C6 /* Info.plist */ = {isa = PBXFileReference; lastKnownFileType = text.plist.xml; path = Info.plist; sourceTree = "<group>"; };
		1664415A290B4339008B2256 /* FeedViewController.swift */ = {isa = PBXFileReference; lastKnownFileType = sourcecode.swift; path = FeedViewController.swift; sourceTree = "<group>"; };
		1664415C290B4346008B2256 /* ProfileViewController.swift */ = {isa = PBXFileReference; lastKnownFileType = sourcecode.swift; path = ProfileViewController.swift; sourceTree = "<group>"; };
		1664415E290B489F008B2256 /* PostViewController.swift */ = {isa = PBXFileReference; lastKnownFileType = sourcecode.swift; path = PostViewController.swift; sourceTree = "<group>"; };
		16644182290BF4AA008B2256 /* InfoViewController.swift */ = {isa = PBXFileReference; lastKnownFileType = sourcecode.swift; path = InfoViewController.swift; sourceTree = "<group>"; };
		16BB034429107AA1005C0D4A /* ProfileTableHeaderView.swift */ = {isa = PBXFileReference; lastKnownFileType = sourcecode.swift; path = ProfileTableHeaderView.swift; sourceTree = "<group>"; };
		16BB034629116DFE005C0D4A /* PostTableViewCell.swift */ = {isa = PBXFileReference; lastKnownFileType = sourcecode.swift; path = PostTableViewCell.swift; sourceTree = "<group>"; };
		16BB037E2912E8F4005C0D4A /* PhotosTableViewCell.swift */ = {isa = PBXFileReference; lastKnownFileType = sourcecode.swift; path = PhotosTableViewCell.swift; sourceTree = "<group>"; };
		16BB03802912EF2C005C0D4A /* PhotosViewController.swift */ = {isa = PBXFileReference; lastKnownFileType = sourcecode.swift; name = PhotosViewController.swift; path = Navigation/Screen/VC/PhotosViewController.swift; sourceTree = SOURCE_ROOT; };
		16BB03822912FA8C005C0D4A /* Images.swift */ = {isa = PBXFileReference; lastKnownFileType = sourcecode.swift; path = Images.swift; sourceTree = "<group>"; };
		16BB038629130B56005C0D4A /* PreviewCollectionViewCell.swift */ = {isa = PBXFileReference; lastKnownFileType = sourcecode.swift; path = PreviewCollectionViewCell.swift; sourceTree = "<group>"; };
		16BBA53A2913B33A00E6C570 /* PhotosCollectionViewCell.swift */ = {isa = PBXFileReference; lastKnownFileType = sourcecode.swift; path = PhotosCollectionViewCell.swift; sourceTree = "<group>"; };
		16F84F65290C193D005A1A96 /* Post.swift */ = {isa = PBXFileReference; lastKnownFileType = sourcecode.swift; path = Post.swift; sourceTree = "<group>"; };
		16F84F6D290C87C6005A1A96 /* ProfileHeaderView.swift */ = {isa = PBXFileReference; lastKnownFileType = sourcecode.swift; path = ProfileHeaderView.swift; sourceTree = "<group>"; };
		16F84F77290D2775005A1A96 /* Assets.xcassets */ = {isa = PBXFileReference; lastKnownFileType = folder.assetcatalog; path = Assets.xcassets; sourceTree = "<group>"; };
/* End PBXFileReference section */

/* Begin PBXFrameworksBuildPhase section */
		1659D0882909CB53006843C6 /* Frameworks */ = {
			isa = PBXFrameworksBuildPhase;
			buildActionMask = 2147483647;
			files = (
			);
			runOnlyForDeploymentPostprocessing = 0;
		};
/* End PBXFrameworksBuildPhase section */

/* Begin PBXGroup section */
		1614E38E2916D7CB006F95BC /* VC */ = {
			isa = PBXGroup;
			children = (
				1664415A290B4339008B2256 /* FeedViewController.swift */,
				16350E97291007840005F2B9 /* LoginViewController.swift */,
				1664415C290B4346008B2256 /* ProfileViewController.swift */,
				16BB03802912EF2C005C0D4A /* PhotosViewController.swift */,
			);
			path = VC;
			sourceTree = "<group>";
		};
		1614E38F2916D7E9006F95BC /* Cell */ = {
			isa = PBXGroup;
			children = (
				16BB037E2912E8F4005C0D4A /* PhotosTableViewCell.swift */,
				16BB038629130B56005C0D4A /* PreviewCollectionViewCell.swift */,
				16BB034629116DFE005C0D4A /* PostTableViewCell.swift */,
				16BBA53A2913B33A00E6C570 /* PhotosCollectionViewCell.swift */,
			);
			path = Cell;
			sourceTree = "<group>";
		};
		1659D0822909CB53006843C6 = {
			isa = PBXGroup;
			children = (
				1659D08D2909CB53006843C6 /* Navigation */,
				1659D08C2909CB53006843C6 /* Products */,
			);
			sourceTree = "<group>";
		};
		1659D08C2909CB53006843C6 /* Products */ = {
			isa = PBXGroup;
			children = (
				1659D08B2909CB53006843C6 /* Navigation.app */,
			);
			name = Products;
			sourceTree = "<group>";
		};
		1659D08D2909CB53006843C6 /* Navigation */ = {
			isa = PBXGroup;
			children = (
				16BB038A29137AA6005C0D4A /* Archive */,
				16BB038B29137ACF005C0D4A /* AppDelegate */,
				16BB038D29137B55005C0D4A /* Model */,
				16BB038C29137B0E005C0D4A /* Resources */,
				16F84F6C290C87A4005A1A96 /* Screen */,
			);
			path = Navigation;
			sourceTree = "<group>";
		};
		16BB038A29137AA6005C0D4A /* Archive */ = {
			isa = PBXGroup;
			children = (
				1664415E290B489F008B2256 /* PostViewController.swift */,
				16644182290BF4AA008B2256 /* InfoViewController.swift */,
			);
			path = Archive;
			sourceTree = "<group>";
		};
		16BB038B29137ACF005C0D4A /* AppDelegate */ = {
			isa = PBXGroup;
			children = (
				1659D08E2909CB53006843C6 /* AppDelegate.swift */,
				1659D0902909CB53006843C6 /* SceneDelegate.swift */,
			);
			path = AppDelegate;
			sourceTree = "<group>";
		};
		16BB038C29137B0E005C0D4A /* Resources */ = {
			isa = PBXGroup;
			children = (
				1659D09C2909CB55006843C6 /* Info.plist */,
				16F84F77290D2775005A1A96 /* Assets.xcassets */,
			);
			path = Resources;
			sourceTree = "<group>";
		};
		16BB038D29137B55005C0D4A /* Model */ = {
			isa = PBXGroup;
			children = (
				16BB03822912FA8C005C0D4A /* Images.swift */,
				16F84F65290C193D005A1A96 /* Post.swift */,
			);
			path = Model;
			sourceTree = "<group>";
		};
		16F84F6C290C87A4005A1A96 /* Screen */ = {
			isa = PBXGroup;
			children = (
				16F84F6D290C87C6005A1A96 /* ProfileHeaderView.swift */,
				16BB034429107AA1005C0D4A /* ProfileTableHeaderView.swift */,
				1614E38E2916D7CB006F95BC /* VC */,
				1614E38F2916D7E9006F95BC /* Cell */,
			);
			path = Screen;
			sourceTree = "<group>";
		};
/* End PBXGroup section */

/* Begin PBXNativeTarget section */
		1659D08A2909CB53006843C6 /* Navigation */ = {
			isa = PBXNativeTarget;
			buildConfigurationList = 1659D09F2909CB55006843C6 /* Build configuration list for PBXNativeTarget "Navigation" */;
			buildPhases = (
				1659D0872909CB53006843C6 /* Sources */,
				1659D0882909CB53006843C6 /* Frameworks */,
				1659D0892909CB53006843C6 /* Resources */,
			);
			buildRules = (
			);
			dependencies = (
			);
			name = Navigation;
			productName = Navigation;
			productReference = 1659D08B2909CB53006843C6 /* Navigation.app */;
			productType = "com.apple.product-type.application";
		};
/* End PBXNativeTarget section */

/* Begin PBXProject section */
		1659D0832909CB53006843C6 /* Project object */ = {
			isa = PBXProject;
			attributes = {
				BuildIndependentTargetsInParallel = 1;
				LastSwiftUpdateCheck = 1400;
				LastUpgradeCheck = 1400;
				TargetAttributes = {
					1659D08A2909CB53006843C6 = {
						CreatedOnToolsVersion = 14.0.1;
					};
				};
			};
			buildConfigurationList = 1659D0862909CB53006843C6 /* Build configuration list for PBXProject "Navigation" */;
			compatibilityVersion = "Xcode 13.0";
			developmentRegion = en;
			hasScannedForEncodings = 0;
			knownRegions = (
				en,
				Base,
			);
			mainGroup = 1659D0822909CB53006843C6;
			productRefGroup = 1659D08C2909CB53006843C6 /* Products */;
			projectDirPath = "";
			projectRoot = "";
			targets = (
				1659D08A2909CB53006843C6 /* Navigation */,
			);
		};
/* End PBXProject section */

/* Begin PBXResourcesBuildPhase section */
		1659D0892909CB53006843C6 /* Resources */ = {
			isa = PBXResourcesBuildPhase;
			buildActionMask = 2147483647;
			files = (
				16F84F78290D2775005A1A96 /* Assets.xcassets in Resources */,
			);
			runOnlyForDeploymentPostprocessing = 0;
		};
/* End PBXResourcesBuildPhase section */

/* Begin PBXSourcesBuildPhase section */
		1659D0872909CB53006843C6 /* Sources */ = {
			isa = PBXSourcesBuildPhase;
			buildActionMask = 2147483647;
			files = (
				16BB037F2912E8F4005C0D4A /* PhotosTableViewCell.swift in Sources */,
				16BB03812912EF2C005C0D4A /* PhotosViewController.swift in Sources */,
				16350E98291007840005F2B9 /* LoginViewController.swift in Sources */,
				16BBA53B2913B33A00E6C570 /* PhotosCollectionViewCell.swift in Sources */,
				16644183290BF4AA008B2256 /* InfoViewController.swift in Sources */,
				16BB034729116DFE005C0D4A /* PostTableViewCell.swift in Sources */,
				1664415F290B489F008B2256 /* PostViewController.swift in Sources */,
				1659D08F2909CB53006843C6 /* AppDelegate.swift in Sources */,
				16BB03832912FA8C005C0D4A /* Images.swift in Sources */,
				16BB034529107AA1005C0D4A /* ProfileTableHeaderView.swift in Sources */,
				16BB038729130B56005C0D4A /* PreviewCollectionViewCell.swift in Sources */,
				1664415D290B4346008B2256 /* ProfileViewController.swift in Sources */,
				1664415B290B4339008B2256 /* FeedViewController.swift in Sources */,
				16F84F66290C193D005A1A96 /* Post.swift in Sources */,
				1659D0912909CB53006843C6 /* SceneDelegate.swift in Sources */,
				16F84F6E290C87C6005A1A96 /* ProfileHeaderView.swift in Sources */,
			);
			runOnlyForDeploymentPostprocessing = 0;
		};
/* End PBXSourcesBuildPhase section */

/* Begin XCBuildConfiguration section */
		1659D09D2909CB55006843C6 /* Debug */ = {
			isa = XCBuildConfiguration;
			buildSettings = {
				ALWAYS_SEARCH_USER_PATHS = NO;
				CLANG_ANALYZER_NONNULL = YES;
				CLANG_ANALYZER_NUMBER_OBJECT_CONVERSION = YES_AGGRESSIVE;
				CLANG_CXX_LANGUAGE_STANDARD = "gnu++20";
				CLANG_ENABLE_MODULES = YES;
				CLANG_ENABLE_OBJC_ARC = YES;
				CLANG_ENABLE_OBJC_WEAK = YES;
				CLANG_WARN_BLOCK_CAPTURE_AUTORELEASING = YES;
				CLANG_WARN_BOOL_CONVERSION = YES;
				CLANG_WARN_COMMA = YES;
				CLANG_WARN_CONSTANT_CONVERSION = YES;
				CLANG_WARN_DEPRECATED_OBJC_IMPLEMENTATIONS = YES;
				CLANG_WARN_DIRECT_OBJC_ISA_USAGE = YES_ERROR;
				CLANG_WARN_DOCUMENTATION_COMMENTS = YES;
				CLANG_WARN_EMPTY_BODY = YES;
				CLANG_WARN_ENUM_CONVERSION = YES;
				CLANG_WARN_INFINITE_RECURSION = YES;
				CLANG_WARN_INT_CONVERSION = YES;
				CLANG_WARN_NON_LITERAL_NULL_CONVERSION = YES;
				CLANG_WARN_OBJC_IMPLICIT_RETAIN_SELF = YES;
				CLANG_WARN_OBJC_LITERAL_CONVERSION = YES;
				CLANG_WARN_OBJC_ROOT_CLASS = YES_ERROR;
				CLANG_WARN_QUOTED_INCLUDE_IN_FRAMEWORK_HEADER = YES;
				CLANG_WARN_RANGE_LOOP_ANALYSIS = YES;
				CLANG_WARN_STRICT_PROTOTYPES = YES;
				CLANG_WARN_SUSPICIOUS_MOVE = YES;
				CLANG_WARN_UNGUARDED_AVAILABILITY = YES_AGGRESSIVE;
				CLANG_WARN_UNREACHABLE_CODE = YES;
				CLANG_WARN__DUPLICATE_METHOD_MATCH = YES;
				COPY_PHASE_STRIP = NO;
				DEBUG_INFORMATION_FORMAT = dwarf;
				ENABLE_STRICT_OBJC_MSGSEND = YES;
				ENABLE_TESTABILITY = YES;
				GCC_C_LANGUAGE_STANDARD = gnu11;
				GCC_DYNAMIC_NO_PIC = NO;
				GCC_NO_COMMON_BLOCKS = YES;
				GCC_OPTIMIZATION_LEVEL = 0;
				GCC_PREPROCESSOR_DEFINITIONS = (
					"DEBUG=1",
					"$(inherited)",
				);
				GCC_WARN_64_TO_32_BIT_CONVERSION = YES;
				GCC_WARN_ABOUT_RETURN_TYPE = YES_ERROR;
				GCC_WARN_UNDECLARED_SELECTOR = YES;
				GCC_WARN_UNINITIALIZED_AUTOS = YES_AGGRESSIVE;
				GCC_WARN_UNUSED_FUNCTION = YES;
				GCC_WARN_UNUSED_VARIABLE = YES;
				IPHONEOS_DEPLOYMENT_TARGET = 16.0;
				MTL_ENABLE_DEBUG_INFO = INCLUDE_SOURCE;
				MTL_FAST_MATH = YES;
				ONLY_ACTIVE_ARCH = YES;
				SDKROOT = iphoneos;
				SWIFT_ACTIVE_COMPILATION_CONDITIONS = DEBUG;
				SWIFT_OPTIMIZATION_LEVEL = "-Onone";
			};
			name = Debug;
		};
		1659D09E2909CB55006843C6 /* Release */ = {
			isa = XCBuildConfiguration;
			buildSettings = {
				ALWAYS_SEARCH_USER_PATHS = NO;
				CLANG_ANALYZER_NONNULL = YES;
				CLANG_ANALYZER_NUMBER_OBJECT_CONVERSION = YES_AGGRESSIVE;
				CLANG_CXX_LANGUAGE_STANDARD = "gnu++20";
				CLANG_ENABLE_MODULES = YES;
				CLANG_ENABLE_OBJC_ARC = YES;
				CLANG_ENABLE_OBJC_WEAK = YES;
				CLANG_WARN_BLOCK_CAPTURE_AUTORELEASING = YES;
				CLANG_WARN_BOOL_CONVERSION = YES;
				CLANG_WARN_COMMA = YES;
				CLANG_WARN_CONSTANT_CONVERSION = YES;
				CLANG_WARN_DEPRECATED_OBJC_IMPLEMENTATIONS = YES;
				CLANG_WARN_DIRECT_OBJC_ISA_USAGE = YES_ERROR;
				CLANG_WARN_DOCUMENTATION_COMMENTS = YES;
				CLANG_WARN_EMPTY_BODY = YES;
				CLANG_WARN_ENUM_CONVERSION = YES;
				CLANG_WARN_INFINITE_RECURSION = YES;
				CLANG_WARN_INT_CONVERSION = YES;
				CLANG_WARN_NON_LITERAL_NULL_CONVERSION = YES;
				CLANG_WARN_OBJC_IMPLICIT_RETAIN_SELF = YES;
				CLANG_WARN_OBJC_LITERAL_CONVERSION = YES;
				CLANG_WARN_OBJC_ROOT_CLASS = YES_ERROR;
				CLANG_WARN_QUOTED_INCLUDE_IN_FRAMEWORK_HEADER = YES;
				CLANG_WARN_RANGE_LOOP_ANALYSIS = YES;
				CLANG_WARN_STRICT_PROTOTYPES = YES;
				CLANG_WARN_SUSPICIOUS_MOVE = YES;
				CLANG_WARN_UNGUARDED_AVAILABILITY = YES_AGGRESSIVE;
				CLANG_WARN_UNREACHABLE_CODE = YES;
				CLANG_WARN__DUPLICATE_METHOD_MATCH = YES;
				COPY_PHASE_STRIP = NO;
				DEBUG_INFORMATION_FORMAT = "dwarf-with-dsym";
				ENABLE_NS_ASSERTIONS = NO;
				ENABLE_STRICT_OBJC_MSGSEND = YES;
				GCC_C_LANGUAGE_STANDARD = gnu11;
				GCC_NO_COMMON_BLOCKS = YES;
				GCC_WARN_64_TO_32_BIT_CONVERSION = YES;
				GCC_WARN_ABOUT_RETURN_TYPE = YES_ERROR;
				GCC_WARN_UNDECLARED_SELECTOR = YES;
				GCC_WARN_UNINITIALIZED_AUTOS = YES_AGGRESSIVE;
				GCC_WARN_UNUSED_FUNCTION = YES;
				GCC_WARN_UNUSED_VARIABLE = YES;
				IPHONEOS_DEPLOYMENT_TARGET = 16.0;
				MTL_ENABLE_DEBUG_INFO = NO;
				MTL_FAST_MATH = YES;
				SDKROOT = iphoneos;
				SWIFT_COMPILATION_MODE = wholemodule;
				SWIFT_OPTIMIZATION_LEVEL = "-O";
				VALIDATE_PRODUCT = YES;
			};
			name = Release;
		};
		1659D0A02909CB55006843C6 /* Debug */ = {
			isa = XCBuildConfiguration;
			buildSettings = {
				ASSETCATALOG_COMPILER_APPICON_NAME = AppIcon;
				ASSETCATALOG_COMPILER_GLOBAL_ACCENT_COLOR_NAME = AccentColor;
				CODE_SIGN_STYLE = Automatic;
				CURRENT_PROJECT_VERSION = 1;
				DEVELOPMENT_TEAM = 82KQ5UJRH9;
				GENERATE_INFOPLIST_FILE = YES;
				INFOPLIST_FILE = Navigation/Resources/Info.plist;
				INFOPLIST_KEY_UIApplicationSupportsIndirectInputEvents = YES;
				INFOPLIST_KEY_UILaunchStoryboardName = LaunchScreen;
				INFOPLIST_KEY_UIMainStoryboardFile = "";
				INFOPLIST_KEY_UISupportedInterfaceOrientations_iPad = "UIInterfaceOrientationPortrait UIInterfaceOrientationPortraitUpsideDown UIInterfaceOrientationLandscapeLeft UIInterfaceOrientationLandscapeRight";
				INFOPLIST_KEY_UISupportedInterfaceOrientations_iPhone = "UIInterfaceOrientationPortrait UIInterfaceOrientationLandscapeLeft UIInterfaceOrientationLandscapeRight";
				IPHONEOS_DEPLOYMENT_TARGET = 13;
				LD_RUNPATH_SEARCH_PATHS = (
					"$(inherited)",
					"@executable_path/Frameworks",
				);
				MARKETING_VERSION = 1.0;
				PRODUCT_BUNDLE_IDENTIFIER = Donskikh.Navigation;
				PRODUCT_NAME = "$(TARGET_NAME)";
				SWIFT_EMIT_LOC_STRINGS = YES;
				SWIFT_VERSION = 5.0;
				TARGETED_DEVICE_FAMILY = "1,2";
			};
			name = Debug;
		};
		1659D0A12909CB55006843C6 /* Release */ = {
			isa = XCBuildConfiguration;
			buildSettings = {
				ASSETCATALOG_COMPILER_APPICON_NAME = AppIcon;
				ASSETCATALOG_COMPILER_GLOBAL_ACCENT_COLOR_NAME = AccentColor;
				CODE_SIGN_STYLE = Automatic;
				CURRENT_PROJECT_VERSION = 1;
				DEVELOPMENT_TEAM = 82KQ5UJRH9;
				GENERATE_INFOPLIST_FILE = YES;
				INFOPLIST_FILE = Navigation/Resources/Info.plist;
				INFOPLIST_KEY_UIApplicationSupportsIndirectInputEvents = YES;
				INFOPLIST_KEY_UILaunchStoryboardName = LaunchScreen;
				INFOPLIST_KEY_UIMainStoryboardFile = "";
				INFOPLIST_KEY_UISupportedInterfaceOrientations_iPad = "UIInterfaceOrientationPortrait UIInterfaceOrientationPortraitUpsideDown UIInterfaceOrientationLandscapeLeft UIInterfaceOrientationLandscapeRight";
				INFOPLIST_KEY_UISupportedInterfaceOrientations_iPhone = "UIInterfaceOrientationPortrait UIInterfaceOrientationLandscapeLeft UIInterfaceOrientationLandscapeRight";
				IPHONEOS_DEPLOYMENT_TARGET = 13;
				LD_RUNPATH_SEARCH_PATHS = (
					"$(inherited)",
					"@executable_path/Frameworks",
				);
				MARKETING_VERSION = 1.0;
				PRODUCT_BUNDLE_IDENTIFIER = Donskikh.Navigation;
				PRODUCT_NAME = "$(TARGET_NAME)";
				SWIFT_EMIT_LOC_STRINGS = YES;
				SWIFT_VERSION = 5.0;
				TARGETED_DEVICE_FAMILY = "1,2";
			};
			name = Release;
		};
/* End XCBuildConfiguration section */

/* Begin XCConfigurationList section */
		1659D0862909CB53006843C6 /* Build configuration list for PBXProject "Navigation" */ = {
			isa = XCConfigurationList;
			buildConfigurations = (
				1659D09D2909CB55006843C6 /* Debug */,
				1659D09E2909CB55006843C6 /* Release */,
			);
			defaultConfigurationIsVisible = 0;
			defaultConfigurationName = Release;
		};
		1659D09F2909CB55006843C6 /* Build configuration list for PBXNativeTarget "Navigation" */ = {
			isa = XCConfigurationList;
			buildConfigurations = (
				1659D0A02909CB55006843C6 /* Debug */,
				1659D0A12909CB55006843C6 /* Release */,
			);
			defaultConfigurationIsVisible = 0;
			defaultConfigurationName = Release;
		};
/* End XCConfigurationList section */
	};
	rootObject = 1659D0832909CB53006843C6 /* Project object */;
}
